{
  "version": 4,
  "terraform_version": "1.3.4",
  "serial": 303,
  "lineage": "82a3fa57-078e-8a38-f3b3-c8c91788d899",
  "outputs": {
    "external_ip_address_nodes": {
      "value": {
        "node-0": "158.160.100.234",
        "node-1": "158.160.73.194",
        "node-2": "51.250.36.92"
      },
      "type": [
        "object",
        {
          "node-0": "string",
          "node-1": "string",
          "node-2": "string"
        }
      ]
    },
    "internal_ip_address_nodes": {
      "value": {
        "node-0": "10.10.5.34",
        "node-1": "10.10.6.13",
        "node-2": "10.10.7.4"
      },
      "type": [
        "object",
        {
          "node-0": "string",
          "node-1": "string",
          "node-2": "string"
        }
      ]
    }
  },
  "resources": [
    {
      "mode": "managed",
      "type": "yandex_compute_instance",
      "name": "cluster-k8s",
      "provider": "provider[\"registry.terraform.io/yandex-cloud/yandex\"]",
      "instances": [
        {
          "index_key": 0,
          "schema_version": 1,
          "attributes": {
            "allow_recreate": null,
            "allow_stopping_for_update": true,
            "boot_disk": [
              {
                "auto_delete": true,
                "device_name": "fhmgfoulu6pq9ha0drsk",
                "disk_id": "fhmgfoulu6pq9ha0drsk",
                "initialize_params": [
                  {
                    "block_size": 4096,
                    "description": "",
                    "image_id": "fd8pecdhv50nec1qf9im",
                    "name": "",
                    "size": 20,
                    "snapshot_id": "",
                    "type": "network-ssd"
                  }
                ],
                "mode": "READ_WRITE"
              }
            ],
            "created_at": "2023-10-13T11:24:22Z",
            "description": "",
            "filesystem": [],
            "folder_id": "b1g3gts5dab90lp4q56g",
            "fqdn": "node-0.ru-central1.internal",
            "gpu_cluster_id": "",
            "hostname": "node-0",
            "id": "fhmeb1asm8speu2kl5rp",
            "labels": {
              "index": "0"
            },
            "local_disk": [],
            "metadata": {
              "ssh-keys": "ubuntu:ssh-rsa AAAAB3NzaC1yc2EAAAADAQABAAABgQD2xEUMjBA5SV94qV1/JCrTTH0idoRejDmXasP5/MLPFpTenhqdycWoLKm0CTgF4cJJSiSDHixjxURB6gN5lALQ2FgGK4LdAU5IGkf0nzQugDa6VsK46kPLYIbxk/vHlqIbH9dz26VKeKVCp9gURkBXWFdTTG+spK2e/goZTSWCQkbSyedqslYFOXxN47986OzAyHQ1BTJKOulweM3T8Y2hjruJxuham/qfQ6NXGQ7wJECLuQkfJzhTDcT21TZMRlYO5+MyrWlUQKwBEL4w/Njv/Ic+Q+Rv7+ATYiPi6CY1AYkf8aLljE/GlamCLyVSlTYr0ofbSJltcnhTGrO2vKk6ZzTUtMD0F0QOYLWilifwUpXxr/4IeQUR/53iW0PZJf8kquQrewog33NonyodXq4MdkQDEYPrXLh5NxkFUTmnOHypmjf/94ksnrkoHQFYfGfTSxPSGHc8aLF8sLFBv59zHaCq+oXVz3rWf0qCacNTIbuQ8+Z8pBRmaOz3+G0DK1E= f1omactep@DESKTOP-BMQBR92"
            },
            "metadata_options": [
              {
                "aws_v1_http_endpoint": 1,
                "aws_v1_http_token": 2,
                "gce_http_endpoint": 1,
                "gce_http_token": 1
              }
            ],
            "name": "node-0",
            "network_acceleration_type": "standard",
            "network_interface": [
              {
                "dns_record": [],
                "index": 0,
                "ip_address": "10.10.5.34",
                "ipv4": true,
                "ipv6": false,
                "ipv6_address": "",
                "ipv6_dns_record": [],
                "mac_address": "d0:0d:e5:85:5c:b2",
                "nat": true,
                "nat_dns_record": [],
                "nat_ip_address": "158.160.100.234",
                "nat_ip_version": "IPV4",
                "security_group_ids": [],
                "subnet_id": "e9b1p4vl96usdlrqju5n"
              }
            ],
            "placement_policy": [
              {
                "host_affinity_rules": [],
                "placement_group_id": ""
              }
            ],
            "platform_id": "standard-v1",
            "resources": [
              {
                "core_fraction": 100,
                "cores": 4,
                "gpus": 0,
                "memory": 4
              }
            ],
            "scheduling_policy": [
              {
                "preemptible": true
              }
            ],
            "secondary_disk": [],
            "service_account_id": "",
            "status": "running",
            "timeouts": null,
            "zone": "ru-central1-a"
          },
          "sensitive_attributes": [],
          "private": "eyJlMmJmYjczMC1lY2FhLTExZTYtOGY4OC0zNDM2M2JjN2M0YzAiOnsiY3JlYXRlIjozMDAwMDAwMDAwMDAsImRlbGV0ZSI6MzAwMDAwMDAwMDAwLCJ1cGRhdGUiOjMwMDAwMDAwMDAwMH0sInNjaGVtYV92ZXJzaW9uIjoiMSJ9",
          "dependencies": [
            "yandex_vpc_network.subnet-zones",
            "yandex_vpc_subnet.subnet-zones"
          ]
        },
        {
          "index_key": 1,
          "schema_version": 1,
          "attributes": {
            "allow_recreate": null,
            "allow_stopping_for_update": true,
            "boot_disk": [
              {
                "auto_delete": true,
                "device_name": "epd79r6th86igp02om9q",
                "disk_id": "epd79r6th86igp02om9q",
                "initialize_params": [
                  {
                    "block_size": 4096,
                    "description": "",
                    "image_id": "fd8pecdhv50nec1qf9im",
                    "name": "",
                    "size": 20,
                    "snapshot_id": "",
                    "type": "network-ssd"
                  }
                ],
                "mode": "READ_WRITE"
              }
            ],
            "created_at": "2023-10-13T11:24:22Z",
            "description": "",
            "filesystem": [],
            "folder_id": "b1g3gts5dab90lp4q56g",
            "fqdn": "node-1.ru-central1.internal",
            "gpu_cluster_id": "",
            "hostname": "node-1",
            "id": "epdcqa40qqjd7qh3fm2h",
            "labels": {
              "index": "1"
            },
            "local_disk": [],
            "metadata": {
              "ssh-keys": "ubuntu:ssh-rsa AAAAB3NzaC1yc2EAAAADAQABAAABgQD2xEUMjBA5SV94qV1/JCrTTH0idoRejDmXasP5/MLPFpTenhqdycWoLKm0CTgF4cJJSiSDHixjxURB6gN5lALQ2FgGK4LdAU5IGkf0nzQugDa6VsK46kPLYIbxk/vHlqIbH9dz26VKeKVCp9gURkBXWFdTTG+spK2e/goZTSWCQkbSyedqslYFOXxN47986OzAyHQ1BTJKOulweM3T8Y2hjruJxuham/qfQ6NXGQ7wJECLuQkfJzhTDcT21TZMRlYO5+MyrWlUQKwBEL4w/Njv/Ic+Q+Rv7+ATYiPi6CY1AYkf8aLljE/GlamCLyVSlTYr0ofbSJltcnhTGrO2vKk6ZzTUtMD0F0QOYLWilifwUpXxr/4IeQUR/53iW0PZJf8kquQrewog33NonyodXq4MdkQDEYPrXLh5NxkFUTmnOHypmjf/94ksnrkoHQFYfGfTSxPSGHc8aLF8sLFBv59zHaCq+oXVz3rWf0qCacNTIbuQ8+Z8pBRmaOz3+G0DK1E= f1omactep@DESKTOP-BMQBR92"
            },
            "metadata_options": [
              {
                "aws_v1_http_endpoint": 1,
                "aws_v1_http_token": 2,
                "gce_http_endpoint": 1,
                "gce_http_token": 1
              }
            ],
            "name": "node-1",
            "network_acceleration_type": "standard",
            "network_interface": [
              {
                "dns_record": [],
                "index": 0,
                "ip_address": "10.10.6.13",
                "ipv4": true,
                "ipv6": false,
                "ipv6_address": "",
                "ipv6_dns_record": [],
                "mac_address": "d0:0d:cd:28:80:d6",
                "nat": true,
                "nat_dns_record": [],
                "nat_ip_address": "158.160.73.194",
                "nat_ip_version": "IPV4",
                "security_group_ids": [],
                "subnet_id": "e2lu8td2bo0srcbio0la"
              }
            ],
            "placement_policy": [
              {
                "host_affinity_rules": [],
                "placement_group_id": ""
              }
            ],
            "platform_id": "standard-v1",
            "resources": [
              {
                "core_fraction": 100,
                "cores": 4,
                "gpus": 0,
                "memory": 4
              }
            ],
            "scheduling_policy": [
              {
                "preemptible": true
              }
            ],
            "secondary_disk": [],
            "service_account_id": "",
            "status": "running",
            "timeouts": null,
            "zone": "ru-central1-b"
          },
          "sensitive_attributes": [],
          "private": "eyJlMmJmYjczMC1lY2FhLTExZTYtOGY4OC0zNDM2M2JjN2M0YzAiOnsiY3JlYXRlIjozMDAwMDAwMDAwMDAsImRlbGV0ZSI6MzAwMDAwMDAwMDAwLCJ1cGRhdGUiOjMwMDAwMDAwMDAwMH0sInNjaGVtYV92ZXJzaW9uIjoiMSJ9",
          "dependencies": [
            "yandex_vpc_network.subnet-zones",
            "yandex_vpc_subnet.subnet-zones"
          ]
        },
        {
          "index_key": 2,
          "schema_version": 1,
          "attributes": {
            "allow_recreate": null,
            "allow_stopping_for_update": true,
            "boot_disk": [
              {
                "auto_delete": true,
                "device_name": "ef3t9j2skbn47v7kp5iv",
                "disk_id": "ef3t9j2skbn47v7kp5iv",
                "initialize_params": [
                  {
                    "block_size": 4096,
                    "description": "",
                    "image_id": "fd8pecdhv50nec1qf9im",
                    "name": "",
                    "size": 20,
                    "snapshot_id": "",
                    "type": "network-ssd"
                  }
                ],
                "mode": "READ_WRITE"
              }
            ],
            "created_at": "2023-10-13T11:24:22Z",
            "description": "",
            "filesystem": [],
            "folder_id": "b1g3gts5dab90lp4q56g",
            "fqdn": "node-2.ru-central1.internal",
            "gpu_cluster_id": "",
            "hostname": "node-2",
            "id": "ef3rqpiqbb9qbqf7f48t",
            "labels": {
              "index": "2"
            },
            "local_disk": [],
            "metadata": {
              "ssh-keys": "ubuntu:ssh-rsa AAAAB3NzaC1yc2EAAAADAQABAAABgQD2xEUMjBA5SV94qV1/JCrTTH0idoRejDmXasP5/MLPFpTenhqdycWoLKm0CTgF4cJJSiSDHixjxURB6gN5lALQ2FgGK4LdAU5IGkf0nzQugDa6VsK46kPLYIbxk/vHlqIbH9dz26VKeKVCp9gURkBXWFdTTG+spK2e/goZTSWCQkbSyedqslYFOXxN47986OzAyHQ1BTJKOulweM3T8Y2hjruJxuham/qfQ6NXGQ7wJECLuQkfJzhTDcT21TZMRlYO5+MyrWlUQKwBEL4w/Njv/Ic+Q+Rv7+ATYiPi6CY1AYkf8aLljE/GlamCLyVSlTYr0ofbSJltcnhTGrO2vKk6ZzTUtMD0F0QOYLWilifwUpXxr/4IeQUR/53iW0PZJf8kquQrewog33NonyodXq4MdkQDEYPrXLh5NxkFUTmnOHypmjf/94ksnrkoHQFYfGfTSxPSGHc8aLF8sLFBv59zHaCq+oXVz3rWf0qCacNTIbuQ8+Z8pBRmaOz3+G0DK1E= f1omactep@DESKTOP-BMQBR92"
            },
            "metadata_options": [
              {
                "aws_v1_http_endpoint": 1,
                "aws_v1_http_token": 2,
                "gce_http_endpoint": 1,
                "gce_http_token": 1
              }
            ],
            "name": "node-2",
            "network_acceleration_type": "standard",
            "network_interface": [
              {
                "dns_record": [],
                "index": 0,
                "ip_address": "10.10.7.4",
                "ipv4": true,
                "ipv6": false,
                "ipv6_address": "",
                "ipv6_dns_record": [],
                "mac_address": "d0:0d:1b:d6:65:a5",
                "nat": true,
                "nat_dns_record": [],
                "nat_ip_address": "51.250.36.92",
                "nat_ip_version": "IPV4",
                "security_group_ids": [],
                "subnet_id": "b0ch6vr5kb02oni9ca64"
              }
            ],
            "placement_policy": [
              {
                "host_affinity_rules": [],
                "placement_group_id": ""
              }
            ],
            "platform_id": "standard-v1",
            "resources": [
              {
                "core_fraction": 100,
                "cores": 4,
                "gpus": 0,
                "memory": 4
              }
            ],
            "scheduling_policy": [
              {
                "preemptible": true
              }
            ],
            "secondary_disk": [],
            "service_account_id": "",
            "status": "running",
            "timeouts": null,
            "zone": "ru-central1-c"
          },
          "sensitive_attributes": [],
          "private": "eyJlMmJmYjczMC1lY2FhLTExZTYtOGY4OC0zNDM2M2JjN2M0YzAiOnsiY3JlYXRlIjozMDAwMDAwMDAwMDAsImRlbGV0ZSI6MzAwMDAwMDAwMDAwLCJ1cGRhdGUiOjMwMDAwMDAwMDAwMH0sInNjaGVtYV92ZXJzaW9uIjoiMSJ9",
          "dependencies": [
            "yandex_vpc_network.subnet-zones",
            "yandex_vpc_subnet.subnet-zones"
          ]
        }
      ]
    },
    {
      "mode": "managed",
      "type": "yandex_vpc_network",
      "name": "subnet-zones",
      "provider": "provider[\"registry.terraform.io/yandex-cloud/yandex\"]",
      "instances": [
        {
          "schema_version": 0,
          "attributes": {
            "created_at": "2023-10-13T11:24:16Z",
            "default_security_group_id": "enpjc72rhh54t2ab9bl4",
            "description": "",
            "folder_id": "b1g3gts5dab90lp4q56g",
            "id": "enpaidhekcegr4pgl44s",
            "labels": {},
            "name": "network",
            "subnet_ids": [],
            "timeouts": null
          },
          "sensitive_attributes": [],
          "private": "eyJlMmJmYjczMC1lY2FhLTExZTYtOGY4OC0zNDM2M2JjN2M0YzAiOnsiY3JlYXRlIjo2MDAwMDAwMDAwMCwiZGVsZXRlIjo2MDAwMDAwMDAwMCwidXBkYXRlIjo2MDAwMDAwMDAwMH19"
        }
      ]
    },
    {
      "mode": "managed",
      "type": "yandex_vpc_subnet",
      "name": "subnet-zones",
      "provider": "provider[\"registry.terraform.io/yandex-cloud/yandex\"]",
      "instances": [
        {
          "index_key": 0,
          "schema_version": 0,
          "attributes": {
            "created_at": "2023-10-13T11:24:20Z",
            "description": "",
            "dhcp_options": [],
            "folder_id": "b1g3gts5dab90lp4q56g",
            "id": "e9b1p4vl96usdlrqju5n",
            "labels": {},
            "name": "subnet-ru-central1-a",
            "network_id": "enpaidhekcegr4pgl44s",
            "route_table_id": "",
            "timeouts": null,
            "v4_cidr_blocks": [
              "10.10.5.0/24"
            ],
            "v6_cidr_blocks": [],
            "zone": "ru-central1-a"
          },
          "sensitive_attributes": [],
          "private": "eyJlMmJmYjczMC1lY2FhLTExZTYtOGY4OC0zNDM2M2JjN2M0YzAiOnsiY3JlYXRlIjoxODAwMDAwMDAwMDAsImRlbGV0ZSI6MTgwMDAwMDAwMDAwLCJ1cGRhdGUiOjE4MDAwMDAwMDAwMH19",
          "dependencies": [
            "yandex_vpc_network.subnet-zones"
          ]
        },
        {
          "index_key": 1,
          "schema_version": 0,
          "attributes": {
            "created_at": "2023-10-13T11:24:19Z",
            "description": "",
            "dhcp_options": [],
            "folder_id": "b1g3gts5dab90lp4q56g",
            "id": "e2lu8td2bo0srcbio0la",
            "labels": {},
            "name": "subnet-ru-central1-b",
            "network_id": "enpaidhekcegr4pgl44s",
            "route_table_id": "",
            "timeouts": null,
            "v4_cidr_blocks": [
              "10.10.6.0/24"
            ],
            "v6_cidr_blocks": [],
            "zone": "ru-central1-b"
          },
          "sensitive_attributes": [],
          "private": "eyJlMmJmYjczMC1lY2FhLTExZTYtOGY4OC0zNDM2M2JjN2M0YzAiOnsiY3JlYXRlIjoxODAwMDAwMDAwMDAsImRlbGV0ZSI6MTgwMDAwMDAwMDAwLCJ1cGRhdGUiOjE4MDAwMDAwMDAwMH19",
          "dependencies": [
            "yandex_vpc_network.subnet-zones"
          ]
        },
        {
          "index_key": 2,
          "schema_version": 0,
          "attributes": {
            "created_at": "2023-10-13T11:24:18Z",
            "description": "",
            "dhcp_options": [],
            "folder_id": "b1g3gts5dab90lp4q56g",
            "id": "b0ch6vr5kb02oni9ca64",
            "labels": {},
            "name": "subnet-ru-central1-c",
            "network_id": "enpaidhekcegr4pgl44s",
            "route_table_id": "",
            "timeouts": null,
            "v4_cidr_blocks": [
              "10.10.7.0/24"
            ],
            "v6_cidr_blocks": [],
            "zone": "ru-central1-c"
          },
          "sensitive_attributes": [],
          "private": "eyJlMmJmYjczMC1lY2FhLTExZTYtOGY4OC0zNDM2M2JjN2M0YzAiOnsiY3JlYXRlIjoxODAwMDAwMDAwMDAsImRlbGV0ZSI6MTgwMDAwMDAwMDAwLCJ1cGRhdGUiOjE4MDAwMDAwMDAwMH19",
          "dependencies": [
            "yandex_vpc_network.subnet-zones"
          ]
        }
      ]
    }
  ],
  "check_results": null
}
